// !$*UTF8*$!
{
	archiveVersion = 1;
	classes = {
	};
	objectVersion = 50;
	objects = {

/* Begin PBXBuildFile section */
		603512722599B22D00F03FB4 /* AppDelegate.swift in Sources */ = {isa = PBXBuildFile; fileRef = 603512712599B22D00F03FB4 /* AppDelegate.swift */; };
		603512742599B22D00F03FB4 /* SceneDelegate.swift in Sources */ = {isa = PBXBuildFile; fileRef = 603512732599B22D00F03FB4 /* SceneDelegate.swift */; };
		603512762599B22D00F03FB4 /* ContentView.swift in Sources */ = {isa = PBXBuildFile; fileRef = 603512752599B22D00F03FB4 /* ContentView.swift */; };
		603512782599B23000F03FB4 /* Assets.xcassets in Resources */ = {isa = PBXBuildFile; fileRef = 603512772599B23000F03FB4 /* Assets.xcassets */; };
		6035127B2599B23000F03FB4 /* Preview Assets.xcassets in Resources */ = {isa = PBXBuildFile; fileRef = 6035127A2599B23000F03FB4 /* Preview Assets.xcassets */; };
		6035127E2599B23000F03FB4 /* LaunchScreen.storyboard in Resources */ = {isa = PBXBuildFile; fileRef = 6035127C2599B23000F03FB4 /* LaunchScreen.storyboard */; };
		603512892599B23000F03FB4 /* ModelForRegisterWithUnitTestingTests.swift in Sources */ = {isa = PBXBuildFile; fileRef = 603512882599B23000F03FB4 /* ModelForRegisterWithUnitTestingTests.swift */; };
		603512942599B23000F03FB4 /* ModelForRegisterWithUnitTestingUITests.swift in Sources */ = {isa = PBXBuildFile; fileRef = 603512932599B23000F03FB4 /* ModelForRegisterWithUnitTestingUITests.swift */; };
/* End PBXBuildFile section */

/* Begin PBXContainerItemProxy section */
		603512852599B23000F03FB4 /* PBXContainerItemProxy */ = {
			isa = PBXContainerItemProxy;
			containerPortal = 603512662599B22D00F03FB4 /* Project object */;
			proxyType = 1;
			remoteGlobalIDString = 6035126D2599B22D00F03FB4;
			remoteInfo = ModelForRegisterWithUnitTesting;
		};
		603512902599B23000F03FB4 /* PBXContainerItemProxy */ = {
			isa = PBXContainerItemProxy;
			containerPortal = 603512662599B22D00F03FB4 /* Project object */;
			proxyType = 1;
			remoteGlobalIDString = 6035126D2599B22D00F03FB4;
			remoteInfo = ModelForRegisterWithUnitTesting;
		};
/* End PBXContainerItemProxy section */

/* Begin PBXFileReference section */
		6035126E2599B22D00F03FB4 /* ModelForRegisterWithUnitTesting.app */ = {isa = PBXFileReference; explicitFileType = wrapper.application; includeInIndex = 0; path = ModelForRegisterWithUnitTesting.app; sourceTree = BUILT_PRODUCTS_DIR; };
		603512712599B22D00F03FB4 /* AppDelegate.swift */ = {isa = PBXFileReference; lastKnownFileType = sourcecode.swift; path = AppDelegate.swift; sourceTree = "<group>"; };
		603512732599B22D00F03FB4 /* SceneDelegate.swift */ = {isa = PBXFileReference; lastKnownFileType = sourcecode.swift; path = SceneDelegate.swift; sourceTree = "<group>"; };
		603512752599B22D00F03FB4 /* ContentView.swift */ = {isa = PBXFileReference; lastKnownFileType = sourcecode.swift; path = ContentView.swift; sourceTree = "<group>"; };
		603512772599B23000F03FB4 /* Assets.xcassets */ = {isa = PBXFileReference; lastKnownFileType = folder.assetcatalog; path = Assets.xcassets; sourceTree = "<group>"; };
		6035127A2599B23000F03FB4 /* Preview Assets.xcassets */ = {isa = PBXFileReference; lastKnownFileType = folder.assetcatalog; path = "Preview Assets.xcassets"; sourceTree = "<group>"; };
		6035127D2599B23000F03FB4 /* Base */ = {isa = PBXFileReference; lastKnownFileType = file.storyboard; name = Base; path = Base.lproj/LaunchScreen.storyboard; sourceTree = "<group>"; };
		6035127F2599B23000F03FB4 /* Info.plist */ = {isa = PBXFileReference; lastKnownFileType = text.plist.xml; path = Info.plist; sourceTree = "<group>"; };
		603512842599B23000F03FB4 /* ModelForRegisterWithUnitTestingTests.xctest */ = {isa = PBXFileReference; explicitFileType = wrapper.cfbundle; includeInIndex = 0; path = ModelForRegisterWithUnitTestingTests.xctest; sourceTree = BUILT_PRODUCTS_DIR; };
		603512882599B23000F03FB4 /* ModelForRegisterWithUnitTestingTests.swift */ = {isa = PBXFileReference; lastKnownFileType = sourcecode.swift; path = ModelForRegisterWithUnitTestingTests.swift; sourceTree = "<group>"; };
		6035128A2599B23000F03FB4 /* Info.plist */ = {isa = PBXFileReference; lastKnownFileType = text.plist.xml; path = Info.plist; sourceTree = "<group>"; };
		6035128F2599B23000F03FB4 /* ModelForRegisterWithUnitTestingUITests.xctest */ = {isa = PBXFileReference; explicitFileType = wrapper.cfbundle; includeInIndex = 0; path = ModelForRegisterWithUnitTestingUITests.xctest; sourceTree = BUILT_PRODUCTS_DIR; };
		603512932599B23000F03FB4 /* ModelForRegisterWithUnitTestingUITests.swift */ = {isa = PBXFileReference; lastKnownFileType = sourcecode.swift; path = ModelForRegisterWithUnitTestingUITests.swift; sourceTree = "<group>"; };
		603512952599B23000F03FB4 /* Info.plist */ = {isa = PBXFileReference; lastKnownFileType = text.plist.xml; path = Info.plist; sourceTree = "<group>"; };
/* End PBXFileReference section */

/* Begin PBXFrameworksBuildPhase section */
		6035126B2599B22D00F03FB4 /* Frameworks */ = {
			isa = PBXFrameworksBuildPhase;
			buildActionMask = 2147483647;
			files = (
			);
			runOnlyForDeploymentPostprocessing = 0;
		};
		603512812599B23000F03FB4 /* Frameworks */ = {
			isa = PBXFrameworksBuildPhase;
			buildActionMask = 2147483647;
			files = (
			);
			runOnlyForDeploymentPostprocessing = 0;
		};
		6035128C2599B23000F03FB4 /* Frameworks */ = {
			isa = PBXFrameworksBuildPhase;
			buildActionMask = 2147483647;
			files = (
			);
			runOnlyForDeploymentPostprocessing = 0;
		};
/* End PBXFrameworksBuildPhase section */

/* Begin PBXGroup section */
		603512652599B22D00F03FB4 = {
			isa = PBXGroup;
			children = (
				603512702599B22D00F03FB4 /* ModelForRegisterWithUnitTesting */,
				603512872599B23000F03FB4 /* ModelForRegisterWithUnitTestingTests */,
				603512922599B23000F03FB4 /* ModelForRegisterWithUnitTestingUITests */,
				6035126F2599B22D00F03FB4 /* Products */,
			);
			sourceTree = "<group>";
		};
		6035126F2599B22D00F03FB4 /* Products */ = {
			isa = PBXGroup;
			children = (
				6035126E2599B22D00F03FB4 /* ModelForRegisterWithUnitTesting.app */,
				603512842599B23000F03FB4 /* ModelForRegisterWithUnitTestingTests.xctest */,
				6035128F2599B23000F03FB4 /* ModelForRegisterWithUnitTestingUITests.xctest */,
			);
			name = Products;
			sourceTree = "<group>";
		};
		603512702599B22D00F03FB4 /* ModelForRegisterWithUnitTesting */ = {
			isa = PBXGroup;
			children = (
				603512712599B22D00F03FB4 /* AppDelegate.swift */,
				603512732599B22D00F03FB4 /* SceneDelegate.swift */,
				603512752599B22D00F03FB4 /* ContentView.swift */,
				603512772599B23000F03FB4 /* Assets.xcassets */,
				6035127C2599B23000F03FB4 /* LaunchScreen.storyboard */,
				6035127F2599B23000F03FB4 /* Info.plist */,
				603512792599B23000F03FB4 /* Preview Content */,
			);
			path = ModelForRegisterWithUnitTesting;
			sourceTree = "<group>";
		};
		603512792599B23000F03FB4 /* Preview Content */ = {
			isa = PBXGroup;
			children = (
				6035127A2599B23000F03FB4 /* Preview Assets.xcassets */,
			);
			path = "Preview Content";
			sourceTree = "<group>";
		};
		603512872599B23000F03FB4 /* ModelForRegisterWithUnitTestingTests */ = {
			isa = PBXGroup;
			children = (
				603512882599B23000F03FB4 /* ModelForRegisterWithUnitTestingTests.swift */,
				6035128A2599B23000F03FB4 /* Info.plist */,
			);
			path = ModelForRegisterWithUnitTestingTests;
			sourceTree = "<group>";
		};
		603512922599B23000F03FB4 /* ModelForRegisterWithUnitTestingUITests */ = {
			isa = PBXGroup;
			children = (
				603512932599B23000F03FB4 /* ModelForRegisterWithUnitTestingUITests.swift */,
				603512952599B23000F03FB4 /* Info.plist */,
			);
			path = ModelForRegisterWithUnitTestingUITests;
			sourceTree = "<group>";
		};
/* End PBXGroup section */

/* Begin PBXNativeTarget section */
		6035126D2599B22D00F03FB4 /* ModelForRegisterWithUnitTesting */ = {
			isa = PBXNativeTarget;
			buildConfigurationList = 603512982599B23000F03FB4 /* Build configuration list for PBXNativeTarget "ModelForRegisterWithUnitTesting" */;
			buildPhases = (
				6035126A2599B22D00F03FB4 /* Sources */,
				6035126B2599B22D00F03FB4 /* Frameworks */,
				6035126C2599B22D00F03FB4 /* Resources */,
			);
			buildRules = (
			);
			dependencies = (
			);
			name = ModelForRegisterWithUnitTesting;
			productName = ModelForRegisterWithUnitTesting;
			productReference = 6035126E2599B22D00F03FB4 /* ModelForRegisterWithUnitTesting.app */;
			productType = "com.apple.product-type.application";
		};
		603512832599B23000F03FB4 /* ModelForRegisterWithUnitTestingTests */ = {
			isa = PBXNativeTarget;
			buildConfigurationList = 6035129B2599B23000F03FB4 /* Build configuration list for PBXNativeTarget "ModelForRegisterWithUnitTestingTests" */;
			buildPhases = (
				603512802599B23000F03FB4 /* Sources */,
				603512812599B23000F03FB4 /* Frameworks */,
				603512822599B23000F03FB4 /* Resources */,
			);
			buildRules = (
			);
			dependencies = (
				603512862599B23000F03FB4 /* PBXTargetDependency */,
			);
			name = ModelForRegisterWithUnitTestingTests;
			productName = ModelForRegisterWithUnitTestingTests;
			productReference = 603512842599B23000F03FB4 /* ModelForRegisterWithUnitTestingTests.xctest */;
			productType = "com.apple.product-type.bundle.unit-test";
		};
		6035128E2599B23000F03FB4 /* ModelForRegisterWithUnitTestingUITests */ = {
			isa = PBXNativeTarget;
			buildConfigurationList = 6035129E2599B23000F03FB4 /* Build configuration list for PBXNativeTarget "ModelForRegisterWithUnitTestingUITests" */;
			buildPhases = (
				6035128B2599B23000F03FB4 /* Sources */,
				6035128C2599B23000F03FB4 /* Frameworks */,
				6035128D2599B23000F03FB4 /* Resources */,
			);
			buildRules = (
			);
			dependencies = (
				603512912599B23000F03FB4 /* PBXTargetDependency */,
			);
			name = ModelForRegisterWithUnitTestingUITests;
			productName = ModelForRegisterWithUnitTestingUITests;
			productReference = 6035128F2599B23000F03FB4 /* ModelForRegisterWithUnitTestingUITests.xctest */;
			productType = "com.apple.product-type.bundle.ui-testing";
		};
/* End PBXNativeTarget section */

/* Begin PBXProject section */
		603512662599B22D00F03FB4 /* Project object */ = {
			isa = PBXProject;
			attributes = {
				LastSwiftUpdateCheck = 1210;
				LastUpgradeCheck = 1210;
				TargetAttributes = {
					6035126D2599B22D00F03FB4 = {
						CreatedOnToolsVersion = 12.1;
					};
					603512832599B23000F03FB4 = {
						CreatedOnToolsVersion = 12.1;
						TestTargetID = 6035126D2599B22D00F03FB4;
					};
					6035128E2599B23000F03FB4 = {
						CreatedOnToolsVersion = 12.1;
						TestTargetID = 6035126D2599B22D00F03FB4;
					};
				};
			};
			buildConfigurationList = 603512692599B22D00F03FB4 /* Build configuration list for PBXProject "ModelForRegisterWithUnitTesting" */;
			compatibilityVersion = "Xcode 9.3";
			developmentRegion = en;
			hasScannedForEncodings = 0;
			knownRegions = (
				en,
				Base,
			);
			mainGroup = 603512652599B22D00F03FB4;
			productRefGroup = 6035126F2599B22D00F03FB4 /* Products */;
			projectDirPath = "";
			projectRoot = "";
			targets = (
				6035126D2599B22D00F03FB4 /* ModelForRegisterWithUnitTesting */,
				603512832599B23000F03FB4 /* ModelForRegisterWithUnitTestingTests */,
				6035128E2599B23000F03FB4 /* ModelForRegisterWithUnitTestingUITests */,
			);
		};
/* End PBXProject section */

/* Begin PBXResourcesBuildPhase section */
		6035126C2599B22D00F03FB4 /* Resources */ = {
			isa = PBXResourcesBuildPhase;
			buildActionMask = 2147483647;
			files = (
				6035127E2599B23000F03FB4 /* LaunchScreen.storyboard in Resources */,
				6035127B2599B23000F03FB4 /* Preview Assets.xcassets in Resources */,
				603512782599B23000F03FB4 /* Assets.xcassets in Resources */,
			);
			runOnlyForDeploymentPostprocessing = 0;
		};
		603512822599B23000F03FB4 /* Resources */ = {
			isa = PBXResourcesBuildPhase;
			buildActionMask = 2147483647;
			files = (
			);
			runOnlyForDeploymentPostprocessing = 0;
		};
		6035128D2599B23000F03FB4 /* Resources */ = {
			isa = PBXResourcesBuildPhase;
			buildActionMask = 2147483647;
			files = (
			);
			runOnlyForDeploymentPostprocessing = 0;
		};
/* End PBXResourcesBuildPhase section */

/* Begin PBXSourcesBuildPhase section */
		6035126A2599B22D00F03FB4 /* Sources */ = {
			isa = PBXSourcesBuildPhase;
			buildActionMask = 2147483647;
			files = (
				603512722599B22D00F03FB4 /* AppDelegate.swift in Sources */,
				603512742599B22D00F03FB4 /* SceneDelegate.swift in Sources */,
				603512762599B22D00F03FB4 /* ContentView.swift in Sources */,
			);
			runOnlyForDeploymentPostprocessing = 0;
		};
		603512802599B23000F03FB4 /* Sources */ = {
			isa = PBXSourcesBuildPhase;
			buildActionMask = 2147483647;
			files = (
				603512892599B23000F03FB4 /* ModelForRegisterWithUnitTestingTests.swift in Sources */,
			);
			runOnlyForDeploymentPostprocessing = 0;
		};
		6035128B2599B23000F03FB4 /* Sources */ = {
			isa = PBXSourcesBuildPhase;
			buildActionMask = 2147483647;
			files = (
				603512942599B23000F03FB4 /* ModelForRegisterWithUnitTestingUITests.swift in Sources */,
			);
			runOnlyForDeploymentPostprocessing = 0;
		};
/* End PBXSourcesBuildPhase section */

/* Begin PBXTargetDependency section */
		603512862599B23000F03FB4 /* PBXTargetDependency */ = {
			isa = PBXTargetDependency;
			target = 6035126D2599B22D00F03FB4 /* ModelForRegisterWithUnitTesting */;
			targetProxy = 603512852599B23000F03FB4 /* PBXContainerItemProxy */;
		};
		603512912599B23000F03FB4 /* PBXTargetDependency */ = {
			isa = PBXTargetDependency;
			target = 6035126D2599B22D00F03FB4 /* ModelForRegisterWithUnitTesting */;
			targetProxy = 603512902599B23000F03FB4 /* PBXContainerItemProxy */;
		};
/* End PBXTargetDependency section */

/* Begin PBXVariantGroup section */
		6035127C2599B23000F03FB4 /* LaunchScreen.storyboard */ = {
			isa = PBXVariantGroup;
			children = (
				6035127D2599B23000F03FB4 /* Base */,
			);
			name = LaunchScreen.storyboard;
			sourceTree = "<group>";
		};
/* End PBXVariantGroup section */

/* Begin XCBuildConfiguration section */
		603512962599B23000F03FB4 /* Debug */ = {
			isa = XCBuildConfiguration;
			buildSettings = {
				ALWAYS_SEARCH_USER_PATHS = NO;
				CLANG_ANALYZER_NONNULL = YES;
				CLANG_ANALYZER_NUMBER_OBJECT_CONVERSION = YES_AGGRESSIVE;
				CLANG_CXX_LANGUAGE_STANDARD = "gnu++14";
				CLANG_CXX_LIBRARY = "libc++";
				CLANG_ENABLE_MODULES = YES;
				CLANG_ENABLE_OBJC_ARC = YES;
				CLANG_ENABLE_OBJC_WEAK = YES;
				CLANG_WARN_BLOCK_CAPTURE_AUTORELEASING = YES;
				CLANG_WARN_BOOL_CONVERSION = YES;
				CLANG_WARN_COMMA = YES;
				CLANG_WARN_CONSTANT_CONVERSION = YES;
				CLANG_WARN_DEPRECATED_OBJC_IMPLEMENTATIONS = YES;
				CLANG_WARN_DIRECT_OBJC_ISA_USAGE = YES_ERROR;
				CLANG_WARN_DOCUMENTATION_COMMENTS = YES;
				CLANG_WARN_EMPTY_BODY = YES;
				CLANG_WARN_ENUM_CONVERSION = YES;
				CLANG_WARN_INFINITE_RECURSION = YES;
				CLANG_WARN_INT_CONVERSION = YES;
				CLANG_WARN_NON_LITERAL_NULL_CONVERSION = YES;
				CLANG_WARN_OBJC_IMPLICIT_RETAIN_SELF = YES;
				CLANG_WARN_OBJC_LITERAL_CONVERSION = YES;
				CLANG_WARN_OBJC_ROOT_CLASS = YES_ERROR;
				CLANG_WARN_QUOTED_INCLUDE_IN_FRAMEWORK_HEADER = YES;
				CLANG_WARN_RANGE_LOOP_ANALYSIS = YES;
				CLANG_WARN_STRICT_PROTOTYPES = YES;
				CLANG_WARN_SUSPICIOUS_MOVE = YES;
				CLANG_WARN_UNGUARDED_AVAILABILITY = YES_AGGRESSIVE;
				CLANG_WARN_UNREACHABLE_CODE = YES;
				CLANG_WARN__DUPLICATE_METHOD_MATCH = YES;
				COPY_PHASE_STRIP = NO;
				DEBUG_INFORMATION_FORMAT = dwarf;
				ENABLE_STRICT_OBJC_MSGSEND = YES;
				ENABLE_TESTABILITY = YES;
				GCC_C_LANGUAGE_STANDARD = gnu11;
				GCC_DYNAMIC_NO_PIC = NO;
				GCC_NO_COMMON_BLOCKS = YES;
				GCC_OPTIMIZATION_LEVEL = 0;
				GCC_PREPROCESSOR_DEFINITIONS = (
					"DEBUG=1",
					"$(inherited)",
				);
				GCC_WARN_64_TO_32_BIT_CONVERSION = YES;
				GCC_WARN_ABOUT_RETURN_TYPE = YES_ERROR;
				GCC_WARN_UNDECLARED_SELECTOR = YES;
				GCC_WARN_UNINITIALIZED_AUTOS = YES_AGGRESSIVE;
				GCC_WARN_UNUSED_FUNCTION = YES;
				GCC_WARN_UNUSED_VARIABLE = YES;
				IPHONEOS_DEPLOYMENT_TARGET = 14.1;
				MTL_ENABLE_DEBUG_INFO = INCLUDE_SOURCE;
				MTL_FAST_MATH = YES;
				ONLY_ACTIVE_ARCH = YES;
				SDKROOT = iphoneos;
				SWIFT_ACTIVE_COMPILATION_CONDITIONS = DEBUG;
				SWIFT_OPTIMIZATION_LEVEL = "-Onone";
			};
			name = Debug;
		};
		603512972599B23000F03FB4 /* Release */ = {
			isa = XCBuildConfiguration;
			buildSettings = {
				ALWAYS_SEARCH_USER_PATHS = NO;
				CLANG_ANALYZER_NONNULL = YES;
				CLANG_ANALYZER_NUMBER_OBJECT_CONVERSION = YES_AGGRESSIVE;
				CLANG_CXX_LANGUAGE_STANDARD = "gnu++14";
				CLANG_CXX_LIBRARY = "libc++";
				CLANG_ENABLE_MODULES = YES;
				CLANG_ENABLE_OBJC_ARC = YES;
				CLANG_ENABLE_OBJC_WEAK = YES;
				CLANG_WARN_BLOCK_CAPTURE_AUTORELEASING = YES;
				CLANG_WARN_BOOL_CONVERSION = YES;
				CLANG_WARN_COMMA = YES;
				CLANG_WARN_CONSTANT_CONVERSION = YES;
				CLANG_WARN_DEPRECATED_OBJC_IMPLEMENTATIONS = YES;
				CLANG_WARN_DIRECT_OBJC_ISA_USAGE = YES_ERROR;
				CLANG_WARN_DOCUMENTATION_COMMENTS = YES;
				CLANG_WARN_EMPTY_BODY = YES;
				CLANG_WARN_ENUM_CONVERSION = YES;
				CLANG_WARN_INFINITE_RECURSION = YES;
				CLANG_WARN_INT_CONVERSION = YES;
				CLANG_WARN_NON_LITERAL_NULL_CONVERSION = YES;
				CLANG_WARN_OBJC_IMPLICIT_RETAIN_SELF = YES;
				CLANG_WARN_OBJC_LITERAL_CONVERSION = YES;
				CLANG_WARN_OBJC_ROOT_CLASS = YES_ERROR;
				CLANG_WARN_QUOTED_INCLUDE_IN_FRAMEWORK_HEADER = YES;
				CLANG_WARN_RANGE_LOOP_ANALYSIS = YES;
				CLANG_WARN_STRICT_PROTOTYPES = YES;
				CLANG_WARN_SUSPICIOUS_MOVE = YES;
				CLANG_WARN_UNGUARDED_AVAILABILITY = YES_AGGRESSIVE;
				CLANG_WARN_UNREACHABLE_CODE = YES;
				CLANG_WARN__DUPLICATE_METHOD_MATCH = YES;
				COPY_PHASE_STRIP = NO;
				DEBUG_INFORMATION_FORMAT = "dwarf-with-dsym";
				ENABLE_NS_ASSERTIONS = NO;
				ENABLE_STRICT_OBJC_MSGSEND = YES;
				GCC_C_LANGUAGE_STANDARD = gnu11;
				GCC_NO_COMMON_BLOCKS = YES;
				GCC_WARN_64_TO_32_BIT_CONVERSION = YES;
				GCC_WARN_ABOUT_RETURN_TYPE = YES_ERROR;
				GCC_WARN_UNDECLARED_SELECTOR = YES;
				GCC_WARN_UNINITIALIZED_AUTOS = YES_AGGRESSIVE;
				GCC_WARN_UNUSED_FUNCTION = YES;
				GCC_WARN_UNUSED_VARIABLE = YES;
				IPHONEOS_DEPLOYMENT_TARGET = 14.1;
				MTL_ENABLE_DEBUG_INFO = NO;
				MTL_FAST_MATH = YES;
				SDKROOT = iphoneos;
				SWIFT_COMPILATION_MODE = wholemodule;
				SWIFT_OPTIMIZATION_LEVEL = "-O";
				VALIDATE_PRODUCT = YES;
			};
			name = Release;
		};
		603512992599B23000F03FB4 /* Debug */ = {
			isa = XCBuildConfiguration;
			buildSettings = {
				ASSETCATALOG_COMPILER_APPICON_NAME = AppIcon;
				ASSETCATALOG_COMPILER_GLOBAL_ACCENT_COLOR_NAME = AccentColor;
				CODE_SIGN_STYLE = Automatic;
				DEVELOPMENT_ASSET_PATHS = "\"ModelForRegisterWithUnitTesting/Preview Content\"";
				DEVELOPMENT_TEAM = DD73F8592Z;
				ENABLE_PREVIEWS = YES;
				INFOPLIST_FILE = ModelForRegisterWithUnitTesting/Info.plist;
				LD_RUNPATH_SEARCH_PATHS = (
					"$(inherited)",
					"@executable_path/Frameworks",
				);
				PRODUCT_BUNDLE_IDENTIFIER = knoxpo.ModelForRegisterWithUnitTesting;
				PRODUCT_NAME = "$(TARGET_NAME)";
				SWIFT_VERSION = 5.0;
				TARGETED_DEVICE_FAMILY = "1,2";
			};
			name = Debug;
		};
		6035129A2599B23000F03FB4 /* Release */ = {
			isa = XCBuildConfiguration;
			buildSettings = {
				ASSETCATALOG_COMPILER_APPICON_NAME = AppIcon;
				ASSETCATALOG_COMPILER_GLOBAL_ACCENT_COLOR_NAME = AccentColor;
				CODE_SIGN_STYLE = Automatic;
				DEVELOPMENT_ASSET_PATHS = "\"ModelForRegisterWithUnitTesting/Preview Content\"";
				DEVELOPMENT_TEAM = DD73F8592Z;
				ENABLE_PREVIEWS = YES;
				INFOPLIST_FILE = ModelForRegisterWithUnitTesting/Info.plist;
				LD_RUNPATH_SEARCH_PATHS = (
					"$(inherited)",
					"@executable_path/Frameworks",
				);
				PRODUCT_BUNDLE_IDENTIFIER = knoxpo.ModelForRegisterWithUnitTesting;
				PRODUCT_NAME = "$(TARGET_NAME)";
				SWIFT_VERSION = 5.0;
				TARGETED_DEVICE_FAMILY = "1,2";
			};
			name = Release;
		};
		6035129C2599B23000F03FB4 /* Debug */ = {
			isa = XCBuildConfiguration;
			buildSettings = {
				ALWAYS_EMBED_SWIFT_STANDARD_LIBRARIES = YES;
				BUNDLE_LOADER = "$(TEST_HOST)";
				CODE_SIGN_STYLE = Automatic;
				DEVELOPMENT_TEAM = DD73F8592Z;
				INFOPLIST_FILE = ModelForRegisterWithUnitTestingTests/Info.plist;
				IPHONEOS_DEPLOYMENT_TARGET = 14.1;
				LD_RUNPATH_SEARCH_PATHS = (
					"$(inherited)",
					"@executable_path/Frameworks",
					"@loader_path/Frameworks",
				);
				PRODUCT_BUNDLE_IDENTIFIER = knoxpo.ModelForRegisterWithUnitTestingTests;
				PRODUCT_NAME = "$(TARGET_NAME)";
				SWIFT_VERSION = 5.0;
				TARGETED_DEVICE_FAMILY = "1,2";
				TEST_HOST = "$(BUILT_PRODUCTS_DIR)/ModelForRegisterWithUnitTesting.app/ModelForRegisterWithUnitTesting";
			};
			name = Debug;
		};
		6035129D2599B23000F03FB4 /* Release */ = {
			isa = XCBuildConfiguration;
			buildSettings = {
				ALWAYS_EMBED_SWIFT_STANDARD_LIBRARIES = YES;
				BUNDLE_LOADER = "$(TEST_HOST)";
				CODE_SIGN_STYLE = Automatic;
				DEVELOPMENT_TEAM = DD73F8592Z;
				INFOPLIST_FILE = ModelForRegisterWithUnitTestingTests/Info.plist;
				IPHONEOS_DEPLOYMENT_TARGET = 14.1;
				LD_RUNPATH_SEARCH_PATHS = (
					"$(inherited)",
					"@executable_path/Frameworks",
					"@loader_path/Frameworks",
				);
				PRODUCT_BUNDLE_IDENTIFIER = knoxpo.ModelForRegisterWithUnitTestingTests;
				PRODUCT_NAME = "$(TARGET_NAME)";
				SWIFT_VERSION = 5.0;
				TARGETED_DEVICE_FAMILY = "1,2";
				TEST_HOST = "$(BUILT_PRODUCTS_DIR)/ModelForRegisterWithUnitTesting.app/ModelForRegisterWithUnitTesting";
			};
			name = Release;
		};
		6035129F2599B23000F03FB4 /* Debug */ = {
			isa = XCBuildConfiguration;
			buildSettings = {
				ALWAYS_EMBED_SWIFT_STANDARD_LIBRARIES = YES;
				CODE_SIGN_STYLE = Automatic;
				DEVELOPMENT_TEAM = DD73F8592Z;
				INFOPLIST_FILE = ModelForRegisterWithUnitTestingUITests/Info.plist;
				LD_RUNPATH_SEARCH_PATHS = (
					"$(inherited)",
					"@executable_path/Frameworks",
					"@loader_path/Frameworks",
				);
				PRODUCT_BUNDLE_IDENTIFIER = knoxpo.ModelForRegisterWithUnitTestingUITests;
				PRODUCT_NAME = "$(TARGET_NAME)";
				SWIFT_VERSION = 5.0;
				TARGETED_DEVICE_FAMILY = "1,2";
				TEST_TARGET_NAME = ModelForRegisterWithUnitTesting;
			};
			name = Debug;
		};
		603512A02599B23000F03FB4 /* Release */ = {
			isa = XCBuildConfiguration;
			buildSettings = {
				ALWAYS_EMBED_SWIFT_STANDARD_LIBRARIES = YES;
				CODE_SIGN_STYLE = Automatic;
				DEVELOPMENT_TEAM = DD73F8592Z;
				INFOPLIST_FILE = ModelForRegisterWithUnitTestingUITests/Info.plist;
				LD_RUNPATH_SEARCH_PATHS = (
					"$(inherited)",
					"@executable_path/Frameworks",
					"@loader_path/Frameworks",
				);
				PRODUCT_BUNDLE_IDENTIFIER = knoxpo.ModelForRegisterWithUnitTestingUITests;
				PRODUCT_NAME = "$(TARGET_NAME)";
				SWIFT_VERSION = 5.0;
				TARGETED_DEVICE_FAMILY = "1,2";
				TEST_TARGET_NAME = ModelForRegisterWithUnitTesting;
			};
			name = Release;
		};
/* End XCBuildConfiguration section */

/* Begin XCConfigurationList section */
		603512692599B22D00F03FB4 /* Build configuration list for PBXProject "ModelForRegisterWithUnitTesting" */ = {
			isa = XCConfigurationList;
			buildConfigurations = (
				603512962599B23000F03FB4 /* Debug */,
				603512972599B23000F03FB4 /* Release */,
			);
			defaultConfigurationIsVisible = 0;
			defaultConfigurationName = Release;
		};
		603512982599B23000F03FB4 /* Build configuration list for PBXNativeTarget "ModelForRegisterWithUnitTesting" */ = {
			isa = XCConfigurationList;
			buildConfigurations = (
				603512992599B23000F03FB4 /* Debug */,
				6035129A2599B23000F03FB4 /* Release */,
			);
			defaultConfigurationIsVisible = 0;
			defaultConfigurationName = Release;
		};
		6035129B2599B23000F03FB4 /* Build configuration list for PBXNativeTarget "ModelForRegisterWithUnitTestingTests" */ = {
			isa = XCConfigurationList;
			buildConfigurations = (
				6035129C2599B23000F03FB4 /* Debug */,
				6035129D2599B23000F03FB4 /* Release */,
			);
			defaultConfigurationIsVisible = 0;
			defaultConfigurationName = Release;
		};
		6035129E2599B23000F03FB4 /* Build configuration list for PBXNativeTarget "ModelForRegisterWithUnitTestingUITests" */ = {
			isa = XCConfigurationList;
			buildConfigurations = (
				6035129F2599B23000F03FB4 /* Debug */,
				603512A02599B23000F03FB4 /* Release */,
			);
			defaultConfigurationIsVisible = 0;
			defaultConfigurationName = Release;
		};
/* End XCConfigurationList section */
	};
	rootObject = 603512662599B22D00F03FB4 /* Project object */;
}
